PODS:
  - ASToast (1.0.4)
  - Charts (3.0.0):
    - Charts/Core (= 3.0.0)
  - Charts/Core (3.0.0)
  - CocoaLumberjack (3.0.0):
    - CocoaLumberjack/Default (= 3.0.0)
    - CocoaLumberjack/Extensions (= 3.0.0)
  - CocoaLumberjack/Core (3.0.0)
  - CocoaLumberjack/Default (3.0.0):
    - CocoaLumberjack/Core
  - CocoaLumberjack/Extensions (3.0.0):
    - CocoaLumberjack/Default
  - KSCrash (1.10.0):
    - KSCrash/Installations (= 1.10.0)
  - KSCrash/Installations (1.10.0):
    - KSCrash/Recording
    - KSCrash/Reporting
  - KSCrash/Recording (1.10.0)
  - KSCrash/Reporting (1.10.0):
    - KSCrash/Recording
    - KSCrash/Reporting/Filters (= 1.10.0)
    - KSCrash/Reporting/MessageUI (= 1.10.0)
    - KSCrash/Reporting/Sinks (= 1.10.0)
    - KSCrash/Reporting/Tools (= 1.10.0)
  - KSCrash/Reporting/Filters (1.10.0):
    - KSCrash/Recording
    - KSCrash/Reporting/Filters/Alert (= 1.10.0)
    - KSCrash/Reporting/Filters/AppleFmt (= 1.10.0)
    - KSCrash/Reporting/Filters/Base (= 1.10.0)
    - KSCrash/Reporting/Filters/Basic (= 1.10.0)
    - KSCrash/Reporting/Filters/GZip (= 1.10.0)
    - KSCrash/Reporting/Filters/JSON (= 1.10.0)
    - KSCrash/Reporting/Filters/Sets (= 1.10.0)
    - KSCrash/Reporting/Filters/Stringify (= 1.10.0)
    - KSCrash/Reporting/Filters/Tools (= 1.10.0)
  - KSCrash/Reporting/Filters/Alert (1.10.0):
    - KSCrash/Recording
    - KSCrash/Reporting/Filters/Base
  - KSCrash/Reporting/Filters/AppleFmt (1.10.0):
    - KSCrash/Recording
    - KSCrash/Reporting/Filters/Base
  - KSCrash/Reporting/Filters/Base (1.10.0):
    - KSCrash/Recording
  - KSCrash/Reporting/Filters/Basic (1.10.0):
    - KSCrash/Recording
    - KSCrash/Reporting/Filters/Base
  - KSCrash/Reporting/Filters/GZip (1.10.0):
    - KSCrash/Recording
    - KSCrash/Reporting/Filters/Base
  - KSCrash/Reporting/Filters/JSON (1.10.0):
    - KSCrash/Recording
    - KSCrash/Reporting/Filters/Base
  - KSCrash/Reporting/Filters/Sets (1.10.0):
    - KSCrash/Recording
    - KSCrash/Reporting/Filters/AppleFmt
    - KSCrash/Reporting/Filters/Base
    - KSCrash/Reporting/Filters/Basic
    - KSCrash/Reporting/Filters/GZip
    - KSCrash/Reporting/Filters/JSON
    - KSCrash/Reporting/Filters/Stringify
  - KSCrash/Reporting/Filters/Stringify (1.10.0):
    - KSCrash/Recording
    - KSCrash/Reporting/Filters/Base
  - KSCrash/Reporting/Filters/Tools (1.10.0):
    - KSCrash/Recording
  - KSCrash/Reporting/MessageUI (1.10.0):
    - KSCrash/Recording
  - KSCrash/Reporting/Sinks (1.10.0):
    - KSCrash/Recording
    - KSCrash/Reporting/Filters
    - KSCrash/Reporting/Tools
  - KSCrash/Reporting/Tools (1.10.0):
    - KSCrash/Recording
  - Toaster (2.0.1)

DEPENDENCIES:
  - ASToast
  - Charts
  - CocoaLumberjack
  - KSCrash
  - Toaster

SPEC CHECKSUMS:
  ASToast: ceefaeb9e7aad8d8f64689eb84f12ed40f1f1cd9
  Charts: beb341928d2135613b4325a6c6aff9f2f6de895e
  CocoaLumberjack: c823149bccc5519a9447aeb433be7b1212a7d6a5
  KSCrash: 99f6747cfa5bdcbdbbef9f0ac8d0a65e2bf5f992
  Toaster: be65cd48e93a525b2a9cc4bd25a2bfc900e02d9f

PODFILE CHECKSUM: e71add502d9e7bea7cdbfff2545089ba3cdd9218

COCOAPODS: 1.1.1
