PODS:
  - Charts (2.2.5):
    - Charts/Core (= 2.2.5)
  - Charts/Core (2.2.5)
  - CocoaLumberjack (2.3.0):
    - CocoaLumberjack/Default (= 2.3.0)
    - CocoaLumberjack/Extensions (= 2.3.0)
  - CocoaLumberjack/Core (2.3.0)
  - CocoaLumberjack/Default (2.3.0):
    - CocoaLumberjack/Core
  - CocoaLumberjack/Extensions (2.3.0):
    - CocoaLumberjack/Default
  - EasyToast (1.0.0)
  - RestEssentials (2.0.0)

DEPENDENCIES:
  - Charts
  - CocoaLumberjack
  - EasyToast
  - RestEssentials

SPEC CHECKSUMS:
  Charts: b48fcc8d7190de910ff9e9748f5360c8ea7856e5
  CocoaLumberjack: 97fab7ee5f507fe54445cca7ea80f926729cfd15
  EasyToast: 8f2b0fd8321b960d60684aec02c0ad970d4f7877
  RestEssentials: cd3fb6b5a27d98363bf5c9220b723ad7955d701f

PODFILE CHECKSUM: 1c977d12b780d0ca52a88b0e3c9471350f31e5bf

COCOAPODS: 1.0.1
